
Microsoft Visual Studio Solution File, Format Version 12.00
# Visual Studio Version 17
VisualStudioVersion = 17.10.34916.146
MinimumVisualStudioVersion = 10.0.40219.1
Project("{9A19103F-16F7-4668-BE54-9A1E7A4F7556}") = "keycloak", "keycloack\keycloak.csproj", "{5BF9D6BE-49E7-4733-BE9F-FB2A0CA12A43}"
EndProject
Project("{FAE04EC0-301F-11D3-BF4B-00C04F79EFBC}") = "KeycloakAuth", "KeycloakAuth\KeycloakAuth.csproj", "{E60A835D-9E16-4251-8F67-EE3C0DED6761}"
EndProject
Global
	GlobalSection(SolutionConfigurationPlatforms) = preSolution
		Debug|Any CPU = Debug|Any CPU
		Release|Any CPU = Release|Any CPU
	EndGlobalSection
	GlobalSection(ProjectConfigurationPlatforms) = postSolution
		{5BF9D6BE-49E7-4733-BE9F-FB2A0CA12A43}.Debug|Any CPU.ActiveCfg = Debug|Any CPU
		{5BF9D6BE-49E7-4733-BE9F-FB2A0CA12A43}.Debug|Any CPU.Build.0 = Debug|Any CPU
		{5BF9D6BE-49E7-4733-BE9F-FB2A0CA12A43}.Release|Any CPU.ActiveCfg = Release|Any CPU
		{5BF9D6BE-49E7-4733-BE9F-FB2A0CA12A43}.Release|Any CPU.Build.0 = Release|Any CPU
		{E60A835D-9E16-4251-8F67-EE3C0DED6761}.Debug|Any CPU.ActiveCfg = Debug|Any CPU
		{E60A835D-9E16-4251-8F67-EE3C0DED6761}.Debug|Any CPU.Build.0 = Debug|Any CPU
		{E60A835D-9E16-4251-8F67-EE3C0DED6761}.Release|Any CPU.ActiveCfg = Release|Any CPU
		{E60A835D-9E16-4251-8F67-EE3C0DED6761}.Release|Any CPU.Build.0 = Release|Any CPU
	EndGlobalSection
	GlobalSection(SolutionProperties) = preSolution
		HideSolutionNode = FALSE
	EndGlobalSection
	GlobalSection(ExtensibilityGlobals) = postSolution
		SolutionGuid = {8C3E8A5F-0BF1-417E-BE01-EFCEE7CD5D03}
	EndGlobalSection
EndGlobal
